// !$*UTF8*$!
{
	archiveVersion = 1;
	classes = {
	};
	objectVersion = 50;
	objects = {

/* Begin PBXBuildFile section */
		CA89C4242260BD69009E747C /* AppDelegate.swift in Sources */ = {isa = PBXBuildFile; fileRef = CA89C4232260BD69009E747C /* AppDelegate.swift */; };
		CA89C4262260BD69009E747C /* ViewController.swift in Sources */ = {isa = PBXBuildFile; fileRef = CA89C4252260BD69009E747C /* ViewController.swift */; };
		CA89C4292260BD69009E747C /* Main.storyboard in Resources */ = {isa = PBXBuildFile; fileRef = CA89C4272260BD69009E747C /* Main.storyboard */; };
		CA89C42C2260BD69009E747C /* StructCoreData.xcdatamodeld in Sources */ = {isa = PBXBuildFile; fileRef = CA89C42A2260BD69009E747C /* StructCoreData.xcdatamodeld */; };
		CA89C42E2260BD6A009E747C /* Assets.xcassets in Resources */ = {isa = PBXBuildFile; fileRef = CA89C42D2260BD6A009E747C /* Assets.xcassets */; };
		CA89C4312260BD6A009E747C /* LaunchScreen.storyboard in Resources */ = {isa = PBXBuildFile; fileRef = CA89C42F2260BD6A009E747C /* LaunchScreen.storyboard */; };
		CA89C43C2260CAF8009E747C /* CoreDataService.swift in Sources */ = {isa = PBXBuildFile; fileRef = CA89C43B2260CAF8009E747C /* CoreDataService.swift */; };
		CA89C43E2260CB1B009E747C /* EntityProtocol.swift in Sources */ = {isa = PBXBuildFile; fileRef = CA89C43D2260CB1B009E747C /* EntityProtocol.swift */; };
		CA89C4402260CB62009E747C /* EntityConvertible.swift in Sources */ = {isa = PBXBuildFile; fileRef = CA89C43F2260CB62009E747C /* EntityConvertible.swift */; };
		CA89C4422260CB7B009E747C /* CoreDataStack.swift in Sources */ = {isa = PBXBuildFile; fileRef = CA89C4412260CB7B009E747C /* CoreDataStack.swift */; };
		CA89C4452260CECF009E747C /* StoreViewController.swift in Sources */ = {isa = PBXBuildFile; fileRef = CA89C4442260CECF009E747C /* StoreViewController.swift */; };
		CA89C44A2260D02F009E747C /* StoreViewModel.swift in Sources */ = {isa = PBXBuildFile; fileRef = CA89C4492260D02F009E747C /* StoreViewModel.swift */; };
		CA89C44C2260D03A009E747C /* StoreModel.swift in Sources */ = {isa = PBXBuildFile; fileRef = CA89C44B2260D03A009E747C /* StoreModel.swift */; };
		CA89C44E2260D04D009E747C /* BookModel.swift in Sources */ = {isa = PBXBuildFile; fileRef = CA89C44D2260D04D009E747C /* BookModel.swift */; };
		CA89C4502260D060009E747C /* ReviewModel.swift in Sources */ = {isa = PBXBuildFile; fileRef = CA89C44F2260D060009E747C /* ReviewModel.swift */; };
		CA89C4522260D06C009E747C /* UserModel.swift in Sources */ = {isa = PBXBuildFile; fileRef = CA89C4512260D06C009E747C /* UserModel.swift */; };
		CA89C4542260D115009E747C /* AuthorModel.swift in Sources */ = {isa = PBXBuildFile; fileRef = CA89C4532260D115009E747C /* AuthorModel.swift */; };
		CA89C4562260D2A5009E747C /* UIColor+Extension.swift in Sources */ = {isa = PBXBuildFile; fileRef = CA89C4552260D2A5009E747C /* UIColor+Extension.swift */; };
		CA89C4582260D455009E747C /* UIView+Extension.swift in Sources */ = {isa = PBXBuildFile; fileRef = CA89C4572260D455009E747C /* UIView+Extension.swift */; };
		CAB3CA0E2261627300992C92 /* AuthorEntity+CoreDataClass.swift in Sources */ = {isa = PBXBuildFile; fileRef = CAB3CA042261627300992C92 /* AuthorEntity+CoreDataClass.swift */; };
		CAB3CA0F2261627300992C92 /* AuthorEntity+CoreDataProperties.swift in Sources */ = {isa = PBXBuildFile; fileRef = CAB3CA052261627300992C92 /* AuthorEntity+CoreDataProperties.swift */; };
		CAB3CA102261627300992C92 /* ReviewEntity+CoreDataClass.swift in Sources */ = {isa = PBXBuildFile; fileRef = CAB3CA062261627300992C92 /* ReviewEntity+CoreDataClass.swift */; };
		CAB3CA112261627300992C92 /* ReviewEntity+CoreDataProperties.swift in Sources */ = {isa = PBXBuildFile; fileRef = CAB3CA072261627300992C92 /* ReviewEntity+CoreDataProperties.swift */; };
		CAB3CA122261627300992C92 /* UserEntity+CoreDataClass.swift in Sources */ = {isa = PBXBuildFile; fileRef = CAB3CA082261627300992C92 /* UserEntity+CoreDataClass.swift */; };
		CAB3CA132261627300992C92 /* UserEntity+CoreDataProperties.swift in Sources */ = {isa = PBXBuildFile; fileRef = CAB3CA092261627300992C92 /* UserEntity+CoreDataProperties.swift */; };
		CAB3CA142261627300992C92 /* StoreEntity+CoreDataClass.swift in Sources */ = {isa = PBXBuildFile; fileRef = CAB3CA0A2261627300992C92 /* StoreEntity+CoreDataClass.swift */; };
		CAB3CA152261627300992C92 /* StoreEntity+CoreDataProperties.swift in Sources */ = {isa = PBXBuildFile; fileRef = CAB3CA0B2261627300992C92 /* StoreEntity+CoreDataProperties.swift */; };
		CAB3CA162261627300992C92 /* BookEntity+CoreDataClass.swift in Sources */ = {isa = PBXBuildFile; fileRef = CAB3CA0C2261627300992C92 /* BookEntity+CoreDataClass.swift */; };
		CAB3CA172261627300992C92 /* BookEntity+CoreDataProperties.swift in Sources */ = {isa = PBXBuildFile; fileRef = CAB3CA0D2261627300992C92 /* BookEntity+CoreDataProperties.swift */; };
/* End PBXBuildFile section */

/* Begin PBXFileReference section */
		CA89C4202260BD69009E747C /* StructCoreData.app */ = {isa = PBXFileReference; explicitFileType = wrapper.application; includeInIndex = 0; path = StructCoreData.app; sourceTree = BUILT_PRODUCTS_DIR; };
		CA89C4232260BD69009E747C /* AppDelegate.swift */ = {isa = PBXFileReference; lastKnownFileType = sourcecode.swift; path = AppDelegate.swift; sourceTree = "<group>"; };
		CA89C4252260BD69009E747C /* ViewController.swift */ = {isa = PBXFileReference; lastKnownFileType = sourcecode.swift; path = ViewController.swift; sourceTree = "<group>"; };
		CA89C4282260BD69009E747C /* Base */ = {isa = PBXFileReference; lastKnownFileType = file.storyboard; name = Base; path = Base.lproj/Main.storyboard; sourceTree = "<group>"; };
		CA89C42B2260BD69009E747C /* StructCoreData.xcdatamodel */ = {isa = PBXFileReference; lastKnownFileType = wrapper.xcdatamodel; path = StructCoreData.xcdatamodel; sourceTree = "<group>"; };
		CA89C42D2260BD6A009E747C /* Assets.xcassets */ = {isa = PBXFileReference; lastKnownFileType = folder.assetcatalog; path = Assets.xcassets; sourceTree = "<group>"; };
		CA89C4302260BD6A009E747C /* Base */ = {isa = PBXFileReference; lastKnownFileType = file.storyboard; name = Base; path = Base.lproj/LaunchScreen.storyboard; sourceTree = "<group>"; };
		CA89C4322260BD6A009E747C /* Info.plist */ = {isa = PBXFileReference; lastKnownFileType = text.plist.xml; path = Info.plist; sourceTree = "<group>"; };
		CA89C43B2260CAF8009E747C /* CoreDataService.swift */ = {isa = PBXFileReference; lastKnownFileType = sourcecode.swift; path = CoreDataService.swift; sourceTree = "<group>"; };
		CA89C43D2260CB1B009E747C /* EntityProtocol.swift */ = {isa = PBXFileReference; lastKnownFileType = sourcecode.swift; path = EntityProtocol.swift; sourceTree = "<group>"; };
		CA89C43F2260CB62009E747C /* EntityConvertible.swift */ = {isa = PBXFileReference; lastKnownFileType = sourcecode.swift; path = EntityConvertible.swift; sourceTree = "<group>"; };
		CA89C4412260CB7B009E747C /* CoreDataStack.swift */ = {isa = PBXFileReference; lastKnownFileType = sourcecode.swift; path = CoreDataStack.swift; sourceTree = "<group>"; };
		CA89C4442260CECF009E747C /* StoreViewController.swift */ = {isa = PBXFileReference; lastKnownFileType = sourcecode.swift; path = StoreViewController.swift; sourceTree = "<group>"; };
		CA89C4492260D02F009E747C /* StoreViewModel.swift */ = {isa = PBXFileReference; lastKnownFileType = sourcecode.swift; path = StoreViewModel.swift; sourceTree = "<group>"; };
		CA89C44B2260D03A009E747C /* StoreModel.swift */ = {isa = PBXFileReference; lastKnownFileType = sourcecode.swift; path = StoreModel.swift; sourceTree = "<group>"; };
		CA89C44D2260D04D009E747C /* BookModel.swift */ = {isa = PBXFileReference; lastKnownFileType = sourcecode.swift; path = BookModel.swift; sourceTree = "<group>"; };
		CA89C44F2260D060009E747C /* ReviewModel.swift */ = {isa = PBXFileReference; lastKnownFileType = sourcecode.swift; path = ReviewModel.swift; sourceTree = "<group>"; };
		CA89C4512260D06C009E747C /* UserModel.swift */ = {isa = PBXFileReference; lastKnownFileType = sourcecode.swift; path = UserModel.swift; sourceTree = "<group>"; };
		CA89C4532260D115009E747C /* AuthorModel.swift */ = {isa = PBXFileReference; lastKnownFileType = sourcecode.swift; path = AuthorModel.swift; sourceTree = "<group>"; };
		CA89C4552260D2A5009E747C /* UIColor+Extension.swift */ = {isa = PBXFileReference; lastKnownFileType = sourcecode.swift; path = "UIColor+Extension.swift"; sourceTree = "<group>"; };
		CA89C4572260D455009E747C /* UIView+Extension.swift */ = {isa = PBXFileReference; lastKnownFileType = sourcecode.swift; path = "UIView+Extension.swift"; sourceTree = "<group>"; };
		CAB3CA042261627300992C92 /* AuthorEntity+CoreDataClass.swift */ = {isa = PBXFileReference; lastKnownFileType = sourcecode.swift; path = "AuthorEntity+CoreDataClass.swift"; sourceTree = "<group>"; };
		CAB3CA052261627300992C92 /* AuthorEntity+CoreDataProperties.swift */ = {isa = PBXFileReference; lastKnownFileType = sourcecode.swift; path = "AuthorEntity+CoreDataProperties.swift"; sourceTree = "<group>"; };
		CAB3CA062261627300992C92 /* ReviewEntity+CoreDataClass.swift */ = {isa = PBXFileReference; lastKnownFileType = sourcecode.swift; path = "ReviewEntity+CoreDataClass.swift"; sourceTree = "<group>"; };
		CAB3CA072261627300992C92 /* ReviewEntity+CoreDataProperties.swift */ = {isa = PBXFileReference; lastKnownFileType = sourcecode.swift; path = "ReviewEntity+CoreDataProperties.swift"; sourceTree = "<group>"; };
		CAB3CA082261627300992C92 /* UserEntity+CoreDataClass.swift */ = {isa = PBXFileReference; lastKnownFileType = sourcecode.swift; path = "UserEntity+CoreDataClass.swift"; sourceTree = "<group>"; };
		CAB3CA092261627300992C92 /* UserEntity+CoreDataProperties.swift */ = {isa = PBXFileReference; lastKnownFileType = sourcecode.swift; path = "UserEntity+CoreDataProperties.swift"; sourceTree = "<group>"; };
		CAB3CA0A2261627300992C92 /* StoreEntity+CoreDataClass.swift */ = {isa = PBXFileReference; lastKnownFileType = sourcecode.swift; path = "StoreEntity+CoreDataClass.swift"; sourceTree = "<group>"; };
		CAB3CA0B2261627300992C92 /* StoreEntity+CoreDataProperties.swift */ = {isa = PBXFileReference; lastKnownFileType = sourcecode.swift; path = "StoreEntity+CoreDataProperties.swift"; sourceTree = "<group>"; };
		CAB3CA0C2261627300992C92 /* BookEntity+CoreDataClass.swift */ = {isa = PBXFileReference; lastKnownFileType = sourcecode.swift; path = "BookEntity+CoreDataClass.swift"; sourceTree = "<group>"; };
		CAB3CA0D2261627300992C92 /* BookEntity+CoreDataProperties.swift */ = {isa = PBXFileReference; lastKnownFileType = sourcecode.swift; path = "BookEntity+CoreDataProperties.swift"; sourceTree = "<group>"; };
/* End PBXFileReference section */

/* Begin PBXFrameworksBuildPhase section */
		CA89C41D2260BD69009E747C /* Frameworks */ = {
			isa = PBXFrameworksBuildPhase;
			buildActionMask = 2147483647;
			files = (
			);
			runOnlyForDeploymentPostprocessing = 0;
		};
/* End PBXFrameworksBuildPhase section */

/* Begin PBXGroup section */
		CA89C4172260BD69009E747C = {
			isa = PBXGroup;
			children = (
				CA89C4222260BD69009E747C /* StructCoreData */,
				CA89C4212260BD69009E747C /* Products */,
			);
			sourceTree = "<group>";
		};
		CA89C4212260BD69009E747C /* Products */ = {
			isa = PBXGroup;
			children = (
				CA89C4202260BD69009E747C /* StructCoreData.app */,
			);
			name = Products;
			sourceTree = "<group>";
		};
		CA89C4222260BD69009E747C /* StructCoreData */ = {
			isa = PBXGroup;
			children = (
				CA89C4232260BD69009E747C /* AppDelegate.swift */,
				CA89C4252260BD69009E747C /* ViewController.swift */,
				CA89C4432260CEB5009E747C /* Views */,
				CA89C4472260D007009E747C /* ViewModels */,
				CA89C4482260D013009E747C /* Models */,
				CA89C43A2260CADB009E747C /* Core Data Model */,
				CA89C4382260CA95009E747C /* Core Data Service */,
				CA89C4462260CFD6009E747C /* Extensions */,
				CA89C4392260CAA6009E747C /* Supporting Files */,
				CA89C4322260BD6A009E747C /* Info.plist */,
			);
			path = StructCoreData;
			sourceTree = "<group>";
		};
		CA89C4382260CA95009E747C /* Core Data Service */ = {
			isa = PBXGroup;
			children = (
				CA89C4412260CB7B009E747C /* CoreDataStack.swift */,
				CA89C43B2260CAF8009E747C /* CoreDataService.swift */,
				CA89C43D2260CB1B009E747C /* EntityProtocol.swift */,
				CA89C43F2260CB62009E747C /* EntityConvertible.swift */,
			);
			path = "Core Data Service";
			sourceTree = "<group>";
		};
		CA89C4392260CAA6009E747C /* Supporting Files */ = {
			isa = PBXGroup;
			children = (
				CA89C42D2260BD6A009E747C /* Assets.xcassets */,
				CA89C4272260BD69009E747C /* Main.storyboard */,
				CA89C42F2260BD6A009E747C /* LaunchScreen.storyboard */,
			);
			path = "Supporting Files";
			sourceTree = "<group>";
		};
		CA89C43A2260CADB009E747C /* Core Data Model */ = {
			isa = PBXGroup;
			children = (
				CAB3CA042261627300992C92 /* AuthorEntity+CoreDataClass.swift */,
				CAB3CA052261627300992C92 /* AuthorEntity+CoreDataProperties.swift */,
				CAB3CA062261627300992C92 /* ReviewEntity+CoreDataClass.swift */,
				CAB3CA072261627300992C92 /* ReviewEntity+CoreDataProperties.swift */,
				CAB3CA082261627300992C92 /* UserEntity+CoreDataClass.swift */,
				CAB3CA092261627300992C92 /* UserEntity+CoreDataProperties.swift */,
				CAB3CA0A2261627300992C92 /* StoreEntity+CoreDataClass.swift */,
				CAB3CA0B2261627300992C92 /* StoreEntity+CoreDataProperties.swift */,
				CAB3CA0C2261627300992C92 /* BookEntity+CoreDataClass.swift */,
				CAB3CA0D2261627300992C92 /* BookEntity+CoreDataProperties.swift */,
				CA89C42A2260BD69009E747C /* StructCoreData.xcdatamodeld */,
			);
			path = "Core Data Model";
			sourceTree = "<group>";
		};
		CA89C4432260CEB5009E747C /* Views */ = {
			isa = PBXGroup;
			children = (
				CA89C4442260CECF009E747C /* StoreViewController.swift */,
			);
			path = Views;
			sourceTree = "<group>";
		};
		CA89C4462260CFD6009E747C /* Extensions */ = {
			isa = PBXGroup;
			children = (
				CA89C4572260D455009E747C /* UIView+Extension.swift */,
				CA89C4552260D2A5009E747C /* UIColor+Extension.swift */,
			);
			path = Extensions;
			sourceTree = "<group>";
		};
		CA89C4472260D007009E747C /* ViewModels */ = {
			isa = PBXGroup;
			children = (
				CA89C4492260D02F009E747C /* StoreViewModel.swift */,
			);
			path = ViewModels;
			sourceTree = "<group>";
		};
		CA89C4482260D013009E747C /* Models */ = {
			isa = PBXGroup;
			children = (
				CA89C44B2260D03A009E747C /* StoreModel.swift */,
				CA89C44D2260D04D009E747C /* BookModel.swift */,
				CA89C4532260D115009E747C /* AuthorModel.swift */,
				CA89C44F2260D060009E747C /* ReviewModel.swift */,
				CA89C4512260D06C009E747C /* UserModel.swift */,
			);
			path = Models;
			sourceTree = "<group>";
		};
/* End PBXGroup section */

/* Begin PBXNativeTarget section */
		CA89C41F2260BD69009E747C /* StructCoreData */ = {
			isa = PBXNativeTarget;
			buildConfigurationList = CA89C4352260BD6A009E747C /* Build configuration list for PBXNativeTarget "StructCoreData" */;
			buildPhases = (
				CA89C41C2260BD69009E747C /* Sources */,
				CA89C41D2260BD69009E747C /* Frameworks */,
				CA89C41E2260BD69009E747C /* Resources */,
			);
			buildRules = (
			);
			dependencies = (
			);
			name = StructCoreData;
			productName = StructCoreData;
			productReference = CA89C4202260BD69009E747C /* StructCoreData.app */;
			productType = "com.apple.product-type.application";
		};
/* End PBXNativeTarget section */

/* Begin PBXProject section */
		CA89C4182260BD69009E747C /* Project object */ = {
			isa = PBXProject;
			attributes = {
				LastSwiftUpdateCheck = 1020;
				LastUpgradeCheck = 1020;
				ORGANIZATIONNAME = "Tian Tong";
				TargetAttributes = {
					CA89C41F2260BD69009E747C = {
						CreatedOnToolsVersion = 10.2;
					};
				};
			};
			buildConfigurationList = CA89C41B2260BD69009E747C /* Build configuration list for PBXProject "StructCoreData" */;
			compatibilityVersion = "Xcode 9.3";
			developmentRegion = en;
			hasScannedForEncodings = 0;
			knownRegions = (
				en,
				Base,
			);
			mainGroup = CA89C4172260BD69009E747C;
			productRefGroup = CA89C4212260BD69009E747C /* Products */;
			projectDirPath = "";
			projectRoot = "";
			targets = (
				CA89C41F2260BD69009E747C /* StructCoreData */,
			);
		};
/* End PBXProject section */

/* Begin PBXResourcesBuildPhase section */
		CA89C41E2260BD69009E747C /* Resources */ = {
			isa = PBXResourcesBuildPhase;
			buildActionMask = 2147483647;
			files = (
				CA89C4312260BD6A009E747C /* LaunchScreen.storyboard in Resources */,
				CA89C42E2260BD6A009E747C /* Assets.xcassets in Resources */,
				CA89C4292260BD69009E747C /* Main.storyboard in Resources */,
			);
			runOnlyForDeploymentPostprocessing = 0;
		};
/* End PBXResourcesBuildPhase section */

/* Begin PBXSourcesBuildPhase section */
		CA89C41C2260BD69009E747C /* Sources */ = {
			isa = PBXSourcesBuildPhase;
			buildActionMask = 2147483647;
			files = (
				CA89C4452260CECF009E747C /* StoreViewController.swift in Sources */,
				CAB3CA132261627300992C92 /* UserEntity+CoreDataProperties.swift in Sources */,
				CAB3CA0F2261627300992C92 /* AuthorEntity+CoreDataProperties.swift in Sources */,
				CA89C4502260D060009E747C /* ReviewModel.swift in Sources */,
				CA89C4582260D455009E747C /* UIView+Extension.swift in Sources */,
				CA89C44A2260D02F009E747C /* StoreViewModel.swift in Sources */,
				CA89C4422260CB7B009E747C /* CoreDataStack.swift in Sources */,
				CAB3CA172261627300992C92 /* BookEntity+CoreDataProperties.swift in Sources */,
				CAB3CA112261627300992C92 /* ReviewEntity+CoreDataProperties.swift in Sources */,
				CAB3CA122261627300992C92 /* UserEntity+CoreDataClass.swift in Sources */,
				CA89C43E2260CB1B009E747C /* EntityProtocol.swift in Sources */,
				CA89C4522260D06C009E747C /* UserModel.swift in Sources */,
				CA89C4542260D115009E747C /* AuthorModel.swift in Sources */,
				CAB3CA152261627300992C92 /* StoreEntity+CoreDataProperties.swift in Sources */,
				CA89C44E2260D04D009E747C /* BookModel.swift in Sources */,
				CA89C43C2260CAF8009E747C /* CoreDataService.swift in Sources */,
				CA89C4562260D2A5009E747C /* UIColor+Extension.swift in Sources */,
				CAB3CA142261627300992C92 /* StoreEntity+CoreDataClass.swift in Sources */,
				CA89C4262260BD69009E747C /* ViewController.swift in Sources */,
				CA89C42C2260BD69009E747C /* StructCoreData.xcdatamodeld in Sources */,
				CA89C4402260CB62009E747C /* EntityConvertible.swift in Sources */,
				CA89C4242260BD69009E747C /* AppDelegate.swift in Sources */,
				CAB3CA102261627300992C92 /* ReviewEntity+CoreDataClass.swift in Sources */,
				CAB3CA0E2261627300992C92 /* AuthorEntity+CoreDataClass.swift in Sources */,
				CAB3CA162261627300992C92 /* BookEntity+CoreDataClass.swift in Sources */,
				CA89C44C2260D03A009E747C /* StoreModel.swift in Sources */,
			);
			runOnlyForDeploymentPostprocessing = 0;
		};
/* End PBXSourcesBuildPhase section */

/* Begin PBXVariantGroup section */
		CA89C4272260BD69009E747C /* Main.storyboard */ = {
			isa = PBXVariantGroup;
			children = (
				CA89C4282260BD69009E747C /* Base */,
			);
			name = Main.storyboard;
			sourceTree = "<group>";
		};
		CA89C42F2260BD6A009E747C /* LaunchScreen.storyboard */ = {
			isa = PBXVariantGroup;
			children = (
				CA89C4302260BD6A009E747C /* Base */,
			);
			name = LaunchScreen.storyboard;
			sourceTree = "<group>";
		};
/* End PBXVariantGroup section */

/* Begin XCBuildConfiguration section */
		CA89C4332260BD6A009E747C /* Debug */ = {
			isa = XCBuildConfiguration;
			buildSettings = {
				ALWAYS_SEARCH_USER_PATHS = NO;
				CLANG_ANALYZER_NONNULL = YES;
				CLANG_ANALYZER_NUMBER_OBJECT_CONVERSION = YES_AGGRESSIVE;
				CLANG_CXX_LANGUAGE_STANDARD = "gnu++14";
				CLANG_CXX_LIBRARY = "libc++";
				CLANG_ENABLE_MODULES = YES;
				CLANG_ENABLE_OBJC_ARC = YES;
				CLANG_ENABLE_OBJC_WEAK = YES;
				CLANG_WARN_BLOCK_CAPTURE_AUTORELEASING = YES;
				CLANG_WARN_BOOL_CONVERSION = YES;
				CLANG_WARN_COMMA = YES;
				CLANG_WARN_CONSTANT_CONVERSION = YES;
				CLANG_WARN_DEPRECATED_OBJC_IMPLEMENTATIONS = YES;
				CLANG_WARN_DIRECT_OBJC_ISA_USAGE = YES_ERROR;
				CLANG_WARN_DOCUMENTATION_COMMENTS = YES;
				CLANG_WARN_EMPTY_BODY = YES;
				CLANG_WARN_ENUM_CONVERSION = YES;
				CLANG_WARN_INFINITE_RECURSION = YES;
				CLANG_WARN_INT_CONVERSION = YES;
				CLANG_WARN_NON_LITERAL_NULL_CONVERSION = YES;
				CLANG_WARN_OBJC_IMPLICIT_RETAIN_SELF = YES;
				CLANG_WARN_OBJC_LITERAL_CONVERSION = YES;
				CLANG_WARN_OBJC_ROOT_CLASS = YES_ERROR;
				CLANG_WARN_RANGE_LOOP_ANALYSIS = YES;
				CLANG_WARN_STRICT_PROTOTYPES = YES;
				CLANG_WARN_SUSPICIOUS_MOVE = YES;
				CLANG_WARN_UNGUARDED_AVAILABILITY = YES_AGGRESSIVE;
				CLANG_WARN_UNREACHABLE_CODE = YES;
				CLANG_WARN__DUPLICATE_METHOD_MATCH = YES;
				CODE_SIGN_IDENTITY = "iPhone Developer";
				COPY_PHASE_STRIP = NO;
				DEBUG_INFORMATION_FORMAT = dwarf;
				ENABLE_STRICT_OBJC_MSGSEND = YES;
				ENABLE_TESTABILITY = YES;
				GCC_C_LANGUAGE_STANDARD = gnu11;
				GCC_DYNAMIC_NO_PIC = NO;
				GCC_NO_COMMON_BLOCKS = YES;
				GCC_OPTIMIZATION_LEVEL = 0;
				GCC_PREPROCESSOR_DEFINITIONS = (
					"DEBUG=1",
					"$(inherited)",
				);
				GCC_WARN_64_TO_32_BIT_CONVERSION = YES;
				GCC_WARN_ABOUT_RETURN_TYPE = YES_ERROR;
				GCC_WARN_UNDECLARED_SELECTOR = YES;
				GCC_WARN_UNINITIALIZED_AUTOS = YES_AGGRESSIVE;
				GCC_WARN_UNUSED_FUNCTION = YES;
				GCC_WARN_UNUSED_VARIABLE = YES;
				IPHONEOS_DEPLOYMENT_TARGET = 12.2;
				MTL_ENABLE_DEBUG_INFO = INCLUDE_SOURCE;
				MTL_FAST_MATH = YES;
				ONLY_ACTIVE_ARCH = YES;
				SDKROOT = iphoneos;
				SWIFT_ACTIVE_COMPILATION_CONDITIONS = DEBUG;
				SWIFT_OPTIMIZATION_LEVEL = "-Onone";
			};
			name = Debug;
		};
		CA89C4342260BD6A009E747C /* Release */ = {
			isa = XCBuildConfiguration;
			buildSettings = {
				ALWAYS_SEARCH_USER_PATHS = NO;
				CLANG_ANALYZER_NONNULL = YES;
				CLANG_ANALYZER_NUMBER_OBJECT_CONVERSION = YES_AGGRESSIVE;
				CLANG_CXX_LANGUAGE_STANDARD = "gnu++14";
				CLANG_CXX_LIBRARY = "libc++";
				CLANG_ENABLE_MODULES = YES;
				CLANG_ENABLE_OBJC_ARC = YES;
				CLANG_ENABLE_OBJC_WEAK = YES;
				CLANG_WARN_BLOCK_CAPTURE_AUTORELEASING = YES;
				CLANG_WARN_BOOL_CONVERSION = YES;
				CLANG_WARN_COMMA = YES;
				CLANG_WARN_CONSTANT_CONVERSION = YES;
				CLANG_WARN_DEPRECATED_OBJC_IMPLEMENTATIONS = YES;
				CLANG_WARN_DIRECT_OBJC_ISA_USAGE = YES_ERROR;
				CLANG_WARN_DOCUMENTATION_COMMENTS = YES;
				CLANG_WARN_EMPTY_BODY = YES;
				CLANG_WARN_ENUM_CONVERSION = YES;
				CLANG_WARN_INFINITE_RECURSION = YES;
				CLANG_WARN_INT_CONVERSION = YES;
				CLANG_WARN_NON_LITERAL_NULL_CONVERSION = YES;
				CLANG_WARN_OBJC_IMPLICIT_RETAIN_SELF = YES;
				CLANG_WARN_OBJC_LITERAL_CONVERSION = YES;
				CLANG_WARN_OBJC_ROOT_CLASS = YES_ERROR;
				CLANG_WARN_RANGE_LOOP_ANALYSIS = YES;
				CLANG_WARN_STRICT_PROTOTYPES = YES;
				CLANG_WARN_SUSPICIOUS_MOVE = YES;
				CLANG_WARN_UNGUARDED_AVAILABILITY = YES_AGGRESSIVE;
				CLANG_WARN_UNREACHABLE_CODE = YES;
				CLANG_WARN__DUPLICATE_METHOD_MATCH = YES;
				CODE_SIGN_IDENTITY = "iPhone Developer";
				COPY_PHASE_STRIP = NO;
				DEBUG_INFORMATION_FORMAT = "dwarf-with-dsym";
				ENABLE_NS_ASSERTIONS = NO;
				ENABLE_STRICT_OBJC_MSGSEND = YES;
				GCC_C_LANGUAGE_STANDARD = gnu11;
				GCC_NO_COMMON_BLOCKS = YES;
				GCC_WARN_64_TO_32_BIT_CONVERSION = YES;
				GCC_WARN_ABOUT_RETURN_TYPE = YES_ERROR;
				GCC_WARN_UNDECLARED_SELECTOR = YES;
				GCC_WARN_UNINITIALIZED_AUTOS = YES_AGGRESSIVE;
				GCC_WARN_UNUSED_FUNCTION = YES;
				GCC_WARN_UNUSED_VARIABLE = YES;
				IPHONEOS_DEPLOYMENT_TARGET = 12.2;
				MTL_ENABLE_DEBUG_INFO = NO;
				MTL_FAST_MATH = YES;
				SDKROOT = iphoneos;
				SWIFT_COMPILATION_MODE = wholemodule;
				SWIFT_OPTIMIZATION_LEVEL = "-O";
				VALIDATE_PRODUCT = YES;
			};
			name = Release;
		};
		CA89C4362260BD6A009E747C /* Debug */ = {
			isa = XCBuildConfiguration;
			buildSettings = {
				ASSETCATALOG_COMPILER_APPICON_NAME = AppIcon;
				CODE_SIGN_STYLE = Manual;
				DEVELOPMENT_TEAM = "";
				INFOPLIST_FILE = StructCoreData/Info.plist;
				LD_RUNPATH_SEARCH_PATHS = (
					"$(inherited)",
					"@executable_path/Frameworks",
				);
				PRODUCT_BUNDLE_IDENTIFIER = com.tiantong.StructCoreData;
				PRODUCT_NAME = "$(TARGET_NAME)";
				PROVISIONING_PROFILE_SPECIFIER = "";
				SWIFT_VERSION = 5.0;
				TARGETED_DEVICE_FAMILY = "1,2";
			};
			name = Debug;
		};
		CA89C4372260BD6A009E747C /* Release */ = {
			isa = XCBuildConfiguration;
			buildSettings = {
				ASSETCATALOG_COMPILER_APPICON_NAME = AppIcon;
				CODE_SIGN_STYLE = Manual;
				DEVELOPMENT_TEAM = "";
				INFOPLIST_FILE = StructCoreData/Info.plist;
				LD_RUNPATH_SEARCH_PATHS = (
					"$(inherited)",
					"@executable_path/Frameworks",
				);
				PRODUCT_BUNDLE_IDENTIFIER = com.tiantong.StructCoreData;
				PRODUCT_NAME = "$(TARGET_NAME)";
				PROVISIONING_PROFILE_SPECIFIER = "";
				SWIFT_VERSION = 5.0;
				TARGETED_DEVICE_FAMILY = "1,2";
			};
			name = Release;
		};
/* End XCBuildConfiguration section */

/* Begin XCConfigurationList section */
		CA89C41B2260BD69009E747C /* Build configuration list for PBXProject "StructCoreData" */ = {
			isa = XCConfigurationList;
			buildConfigurations = (
				CA89C4332260BD6A009E747C /* Debug */,
				CA89C4342260BD6A009E747C /* Release */,
			);
			defaultConfigurationIsVisible = 0;
			defaultConfigurationName = Release;
		};
		CA89C4352260BD6A009E747C /* Build configuration list for PBXNativeTarget "StructCoreData" */ = {
			isa = XCConfigurationList;
			buildConfigurations = (
				CA89C4362260BD6A009E747C /* Debug */,
				CA89C4372260BD6A009E747C /* Release */,
			);
			defaultConfigurationIsVisible = 0;
			defaultConfigurationName = Release;
		};
/* End XCConfigurationList section */

/* Begin XCVersionGroup section */
		CA89C42A2260BD69009E747C /* StructCoreData.xcdatamodeld */ = {
			isa = XCVersionGroup;
			children = (
				CA89C42B2260BD69009E747C /* StructCoreData.xcdatamodel */,
			);
			currentVersion = CA89C42B2260BD69009E747C /* StructCoreData.xcdatamodel */;
			path = StructCoreData.xcdatamodeld;
			sourceTree = "<group>";
			versionGroupType = wrapper.xcdatamodel;
		};
/* End XCVersionGroup section */
	};
	rootObject = CA89C4182260BD69009E747C /* Project object */;
}
